
Microsoft Visual Studio Solution File, Format Version 12.00
# Visual Studio Version 16
VisualStudioVersion = 16.0.30711.63
MinimumVisualStudioVersion = 10.0.40219.1
Project("{9A19103F-16F7-4668-BE54-9A1E7A4F7556}") = "StatImp", "StatImp.csproj", "{814CB4B2-B6D9-423F-AA45-84FBC67EDCD3}"
EndProject
Global
	GlobalSection(SolutionConfigurationPlatforms) = preSolution
		Debug|Any CPU = Debug|Any CPU
		Release|Any CPU = Release|Any CPU
	EndGlobalSection
	GlobalSection(ProjectConfigurationPlatforms) = postSolution
		{814CB4B2-B6D9-423F-AA45-84FBC67EDCD3}.Debug|Any CPU.ActiveCfg = Release|Any CPU
		{814CB4B2-B6D9-423F-AA45-84FBC67EDCD3}.Debug|Any CPU.Build.0 = Release|Any CPU
		{814CB4B2-B6D9-423F-AA45-84FBC67EDCD3}.Release|Any CPU.ActiveCfg = Release|Any CPU
		{814CB4B2-B6D9-423F-AA45-84FBC67EDCD3}.Release|Any CPU.Build.0 = Release|Any CPU
	EndGlobalSection
	GlobalSection(SolutionProperties) = preSolution
		HideSolutionNode = FALSE
	EndGlobalSection
	GlobalSection(ExtensibilityGlobals) = postSolution
		SolutionGuid = {069E0A3F-45E8-4F0B-8B35-ADE09ACB215E}
	EndGlobalSection
EndGlobal
